schema: '2.0'
stages:
  data_ingestion:
    cmd: python src/data/data_ingestion.py
    deps:
    - path: src/data/data_ingestion.py
      hash: md5
      md5: 42b20feb2b4f4ef249d691d6732fe5e4
      size: 4220
    params:
      params.yaml:
        data_ingestion.test_size: 0.2
    outs:
    - path: data/raw
      hash: md5
      md5: e13bcce40396cd334c8a7a334868166a.dir
      size: 6919701
      nfiles: 2
  data_preprocessing:
    cmd: python src/data/data_preprocessing.py
    deps:
    - path: data/raw/test.csv
      hash: md5
      md5: ea97ba82a4a25627bf4ffb52572484ea
      size: 1348612
    - path: data/raw/train.csv
      hash: md5
      md5: 1bd422dd6d135bced1d6c64a3e84a45d
      size: 5571089
    - path: src/data/data_preprocessing.py
      hash: md5
      md5: 6996be95aea366e2bbeabf7034ca06e1
      size: 3748
    outs:
    - path: data/interim
      hash: md5
      md5: ba42408e7bd1e85685474d6a349ae57e.dir
      size: 5134850
      nfiles: 2
  model_building:
    cmd: python src/model/model_building.py
    deps:
    - path: data/interim/train_processed.csv
      hash: md5
      md5: 35027dfda8274bd9356544f2ff358aa4
      size: 4134324
    - path: src/model/model_building.py
      hash: md5
      md5: 4cd30ec7718f17008d5ca4f250728e38
      size: 5505
    params:
      params.yaml:
        model_building.learning_rate: 0.09
        model_building.max_depth: 20
        model_building.max_features: 10000
        model_building.n_estimators: 367
        model_building.ngram_range:
        - 1
        - 3
    outs:
    - path: lgbm_model.pkl
      hash: md5
      md5: 99905e154dd6d18fea739980520cf962
      size: 4116888
    - path: tfidf_vectorizer.pkl
      hash: md5
      md5: bc86d739a4f9d1ca669b86485e5f02c0
      size: 384115
  model_evaluation:
    cmd: python src/model/model_evaluation.py
    deps:
    - path: data/interim/test_processed.csv
      hash: md5
      md5: 4f30375397ec89fead1745ee6d70f201
      size: 1000526
    - path: data/interim/train_processed.csv
      hash: md5
      md5: 35027dfda8274bd9356544f2ff358aa4
      size: 4134324
    - path: lgbm_model.pkl
      hash: md5
      md5: 99905e154dd6d18fea739980520cf962
      size: 4116888
    - path: src/model/model_evaluation.py
      hash: md5
      md5: 50dea006b86264887868479f7020615b
      size: 7081
    - path: tfidf_vectorizer.pkl
      hash: md5
      md5: bc86d739a4f9d1ca669b86485e5f02c0
      size: 384115
    outs:
    - path: experiment_info.json
      hash: md5
      md5: 8b31130b3b9c900c9f21e22e0f370775
      size: 87
